
Microsoft Visual Studio Solution File, Format Version 12.00
# Visual Studio Version 17
VisualStudioVersion = 17.9.34622.214
MinimumVisualStudioVersion = 10.0.40219.1
Project("{9A19103F-16F7-4668-BE54-9A1E7A4F7556}") = "ServerLib", "ServerLib\ServerLib.csproj", "{16CA3477-FD32-4237-8FA1-96903D86CB25}"
EndProject
Project("{9A19103F-16F7-4668-BE54-9A1E7A4F7556}") = "TestServer", "ServerTest\TestServer.csproj", "{1746005E-A127-4030-8067-B73A47AD1F14}"
EndProject
Project("{FAE04EC0-301F-11D3-BF4B-00C04F79EFBC}") = "TestClient", "TestClient\TestClient.csproj", "{BBAB023E-39B5-430F-B464-78F0C74E48C8}"
EndProject
Global
	GlobalSection(SolutionConfigurationPlatforms) = preSolution
		Debug|Any CPU = Debug|Any CPU
		Release|Any CPU = Release|Any CPU
	EndGlobalSection
	GlobalSection(ProjectConfigurationPlatforms) = postSolution
		{16CA3477-FD32-4237-8FA1-96903D86CB25}.Debug|Any CPU.ActiveCfg = Debug|Any CPU
		{16CA3477-FD32-4237-8FA1-96903D86CB25}.Debug|Any CPU.Build.0 = Debug|Any CPU
		{16CA3477-FD32-4237-8FA1-96903D86CB25}.Release|Any CPU.ActiveCfg = Release|Any CPU
		{16CA3477-FD32-4237-8FA1-96903D86CB25}.Release|Any CPU.Build.0 = Release|Any CPU
		{1746005E-A127-4030-8067-B73A47AD1F14}.Debug|Any CPU.ActiveCfg = Debug|Any CPU
		{1746005E-A127-4030-8067-B73A47AD1F14}.Debug|Any CPU.Build.0 = Debug|Any CPU
		{1746005E-A127-4030-8067-B73A47AD1F14}.Release|Any CPU.ActiveCfg = Release|Any CPU
		{1746005E-A127-4030-8067-B73A47AD1F14}.Release|Any CPU.Build.0 = Release|Any CPU
		{BBAB023E-39B5-430F-B464-78F0C74E48C8}.Debug|Any CPU.ActiveCfg = Debug|Any CPU
		{BBAB023E-39B5-430F-B464-78F0C74E48C8}.Debug|Any CPU.Build.0 = Debug|Any CPU
		{BBAB023E-39B5-430F-B464-78F0C74E48C8}.Release|Any CPU.ActiveCfg = Release|Any CPU
		{BBAB023E-39B5-430F-B464-78F0C74E48C8}.Release|Any CPU.Build.0 = Release|Any CPU
	EndGlobalSection
	GlobalSection(SolutionProperties) = preSolution
		HideSolutionNode = FALSE
	EndGlobalSection
	GlobalSection(ExtensibilityGlobals) = postSolution
		SolutionGuid = {521B7915-BB10-46F8-8549-81DDD2F93902}
	EndGlobalSection
EndGlobal
